
Microsoft Visual Studio Solution File, Format Version 12.00
# Visual Studio Version 16
VisualStudioVersion = 16.0.29025.244
MinimumVisualStudioVersion = 10.0.40219.1
Project("{FAE04EC0-301F-11D3-BF4B-00C04F79EFBC}") = "PrizmerTest", "PrizmerTest\PrizmerTest.csproj", "{A03FB3E3-AA47-462C-91A5-F889E9189743}"
EndProject
Project("{FAE04EC0-301F-11D3-BF4B-00C04F79EFBC}") = "SET4tmDriver", "SetDriver\SET4tmDriver.csproj", "{14FC09EC-8931-4B9B-89BB-42C7F0C6BCFD}"
EndProject
Project("{FAE04EC0-301F-11D3-BF4B-00C04F79EFBC}") = "Mercury200Driver", "Mercury200Driver\Mercury200Driver.csproj", "{241CC5C1-79FF-49DC-8A11-F16CA4C6CB44}"
EndProject
Project("{FAE04EC0-301F-11D3-BF4B-00C04F79EFBC}") = "LibMBus", "LibMBus\LibMBus.csproj", "{AFC2229A-8870-435B-8BFD-57DAD43B1C98}"
EndProject
Project("{FAE04EC0-301F-11D3-BF4B-00C04F79EFBC}") = "SonoSelectDanfosDriver", "SonoSelectDanfosDriver\SonoSelectDanfosDriver.csproj", "{F5519608-FBCF-4954-BDF9-4D789B63CAD7}"
EndProject
Project("{FAE04EC0-301F-11D3-BF4B-00C04F79EFBC}") = "LibMeter", "..\ps\LibMeter\LibMeter.csproj", "{F0106CA4-43DE-4017-956B-0842AD89F90E}"
EndProject
Project("{FAE04EC0-301F-11D3-BF4B-00C04F79EFBC}") = "LibPorts", "..\ps\PortsLib\LibPorts.csproj", "{13571FB0-472F-43B0-947D-64C5D1F2B4A4}"
EndProject
Project("{FAE04EC0-301F-11D3-BF4B-00C04F79EFBC}") = "LibCRC", "..\calc_crc\LibCRC\LibCRC.csproj", "{AEB1AE61-CD26-4B78-B5C8-421F22097BAB}"
EndProject
Project("{FAE04EC0-301F-11D3-BF4B-00C04F79EFBC}") = "LibLogger", "..\ps\Logger\LibLogger.csproj", "{D20D8ACB-AD07-4E7F-A99E-47F4113B32EA}"
EndProject
Project("{FAE04EC0-301F-11D3-BF4B-00C04F79EFBC}") = "KaratDanfosDriver", "KaratDanfosDriver\KaratDanfosDriver.csproj", "{922BC22A-B3CA-4C46-8656-CC9D15BE7EAF}"
EndProject
Project("{FAE04EC0-301F-11D3-BF4B-00C04F79EFBC}") = "Mercury23XDriver", "Mercury23XDriver\Mercury23XDriver.csproj", "{4578EB12-06A3-42D5-8241-2663A521A23B}"
EndProject
Project("{FAE04EC0-301F-11D3-BF4B-00C04F79EFBC}") = "PulsarDriver", "PulsarDriver\PulsarDriver.csproj", "{DA2A9BAA-9682-4D21-8F78-25DBC3C7CF10}"
EndProject
Project("{FAE04EC0-301F-11D3-BF4B-00C04F79EFBC}") = "IndivDriver", "IndivDriver\IndivDriver.csproj", "{5663DE85-CC5D-4C48-A011-09BF3C2B5CCB}"
EndProject
Project("{FAE04EC0-301F-11D3-BF4B-00C04F79EFBC}") = "TEM104Driver", "TEM104Driver\TEM104Driver.csproj", "{DACD6C27-8D92-4945-A827-0CD8BD9E2944}"
EndProject
Project("{FAE04EC0-301F-11D3-BF4B-00C04F79EFBC}") = "TEM106Driver", "TEM106Driver\TEM106Driver.csproj", "{F30851DD-B86B-4F52-8C14-35293B00337F}"
EndProject
Project("{FAE04EC0-301F-11D3-BF4B-00C04F79EFBC}") = "STKWaterDriver", "STKWaterDriver\STKWaterDriver.csproj", "{11F52F06-739B-4A2D-9BE1-5035AD3EBB61}"
EndProject
Project("{FAE04EC0-301F-11D3-BF4B-00C04F79EFBC}") = "STKHeatDriver", "STKHeatDriver\STKHeatDriver.csproj", "{C552CEDA-DE12-4A5A-9471-0576B04AC28E}"
EndProject
Global
	GlobalSection(SolutionConfigurationPlatforms) = preSolution
		Debug|Any CPU = Debug|Any CPU
		Debug|x86 = Debug|x86
		Release|Any CPU = Release|Any CPU
		Release|x86 = Release|x86
	EndGlobalSection
	GlobalSection(ProjectConfigurationPlatforms) = postSolution
		{A03FB3E3-AA47-462C-91A5-F889E9189743}.Debug|Any CPU.ActiveCfg = Debug|Any CPU
		{A03FB3E3-AA47-462C-91A5-F889E9189743}.Debug|Any CPU.Build.0 = Debug|Any CPU
		{A03FB3E3-AA47-462C-91A5-F889E9189743}.Debug|x86.ActiveCfg = Debug|x86
		{A03FB3E3-AA47-462C-91A5-F889E9189743}.Debug|x86.Build.0 = Debug|x86
		{A03FB3E3-AA47-462C-91A5-F889E9189743}.Release|Any CPU.ActiveCfg = Release|Any CPU
		{A03FB3E3-AA47-462C-91A5-F889E9189743}.Release|Any CPU.Build.0 = Release|Any CPU
		{A03FB3E3-AA47-462C-91A5-F889E9189743}.Release|x86.ActiveCfg = Release|x86
		{A03FB3E3-AA47-462C-91A5-F889E9189743}.Release|x86.Build.0 = Release|x86
		{14FC09EC-8931-4B9B-89BB-42C7F0C6BCFD}.Debug|Any CPU.ActiveCfg = Debug|Any CPU
		{14FC09EC-8931-4B9B-89BB-42C7F0C6BCFD}.Debug|Any CPU.Build.0 = Debug|Any CPU
		{14FC09EC-8931-4B9B-89BB-42C7F0C6BCFD}.Debug|x86.ActiveCfg = Debug|x86
		{14FC09EC-8931-4B9B-89BB-42C7F0C6BCFD}.Debug|x86.Build.0 = Debug|x86
		{14FC09EC-8931-4B9B-89BB-42C7F0C6BCFD}.Release|Any CPU.ActiveCfg = Release|Any CPU
		{14FC09EC-8931-4B9B-89BB-42C7F0C6BCFD}.Release|Any CPU.Build.0 = Release|Any CPU
		{14FC09EC-8931-4B9B-89BB-42C7F0C6BCFD}.Release|x86.ActiveCfg = Release|x86
		{14FC09EC-8931-4B9B-89BB-42C7F0C6BCFD}.Release|x86.Build.0 = Release|x86
		{241CC5C1-79FF-49DC-8A11-F16CA4C6CB44}.Debug|Any CPU.ActiveCfg = Debug|Any CPU
		{241CC5C1-79FF-49DC-8A11-F16CA4C6CB44}.Debug|Any CPU.Build.0 = Debug|Any CPU
		{241CC5C1-79FF-49DC-8A11-F16CA4C6CB44}.Debug|x86.ActiveCfg = Debug|x86
		{241CC5C1-79FF-49DC-8A11-F16CA4C6CB44}.Debug|x86.Build.0 = Debug|x86
		{241CC5C1-79FF-49DC-8A11-F16CA4C6CB44}.Release|Any CPU.ActiveCfg = Release|Any CPU
		{241CC5C1-79FF-49DC-8A11-F16CA4C6CB44}.Release|Any CPU.Build.0 = Release|Any CPU
		{241CC5C1-79FF-49DC-8A11-F16CA4C6CB44}.Release|x86.ActiveCfg = Release|x86
		{241CC5C1-79FF-49DC-8A11-F16CA4C6CB44}.Release|x86.Build.0 = Release|x86
		{AFC2229A-8870-435B-8BFD-57DAD43B1C98}.Debug|Any CPU.ActiveCfg = Debug|Any CPU
		{AFC2229A-8870-435B-8BFD-57DAD43B1C98}.Debug|Any CPU.Build.0 = Debug|Any CPU
		{AFC2229A-8870-435B-8BFD-57DAD43B1C98}.Debug|x86.ActiveCfg = Debug|x86
		{AFC2229A-8870-435B-8BFD-57DAD43B1C98}.Debug|x86.Build.0 = Debug|x86
		{AFC2229A-8870-435B-8BFD-57DAD43B1C98}.Release|Any CPU.ActiveCfg = Release|Any CPU
		{AFC2229A-8870-435B-8BFD-57DAD43B1C98}.Release|Any CPU.Build.0 = Release|Any CPU
		{AFC2229A-8870-435B-8BFD-57DAD43B1C98}.Release|x86.ActiveCfg = Release|x86
		{AFC2229A-8870-435B-8BFD-57DAD43B1C98}.Release|x86.Build.0 = Release|x86
		{F5519608-FBCF-4954-BDF9-4D789B63CAD7}.Debug|Any CPU.ActiveCfg = Debug|Any CPU
		{F5519608-FBCF-4954-BDF9-4D789B63CAD7}.Debug|Any CPU.Build.0 = Debug|Any CPU
		{F5519608-FBCF-4954-BDF9-4D789B63CAD7}.Debug|x86.ActiveCfg = Debug|x86
		{F5519608-FBCF-4954-BDF9-4D789B63CAD7}.Debug|x86.Build.0 = Debug|x86
		{F5519608-FBCF-4954-BDF9-4D789B63CAD7}.Release|Any CPU.ActiveCfg = Release|Any CPU
		{F5519608-FBCF-4954-BDF9-4D789B63CAD7}.Release|Any CPU.Build.0 = Release|Any CPU
		{F5519608-FBCF-4954-BDF9-4D789B63CAD7}.Release|x86.ActiveCfg = Release|x86
		{F5519608-FBCF-4954-BDF9-4D789B63CAD7}.Release|x86.Build.0 = Release|x86
		{F0106CA4-43DE-4017-956B-0842AD89F90E}.Debug|Any CPU.ActiveCfg = Debug|Any CPU
		{F0106CA4-43DE-4017-956B-0842AD89F90E}.Debug|Any CPU.Build.0 = Debug|Any CPU
		{F0106CA4-43DE-4017-956B-0842AD89F90E}.Debug|x86.ActiveCfg = Debug|x86
		{F0106CA4-43DE-4017-956B-0842AD89F90E}.Debug|x86.Build.0 = Debug|x86
		{F0106CA4-43DE-4017-956B-0842AD89F90E}.Release|Any CPU.ActiveCfg = Release|Any CPU
		{F0106CA4-43DE-4017-956B-0842AD89F90E}.Release|Any CPU.Build.0 = Release|Any CPU
		{F0106CA4-43DE-4017-956B-0842AD89F90E}.Release|x86.ActiveCfg = Release|x86
		{F0106CA4-43DE-4017-956B-0842AD89F90E}.Release|x86.Build.0 = Release|x86
		{13571FB0-472F-43B0-947D-64C5D1F2B4A4}.Debug|Any CPU.ActiveCfg = Debug|Any CPU
		{13571FB0-472F-43B0-947D-64C5D1F2B4A4}.Debug|Any CPU.Build.0 = Debug|Any CPU
		{13571FB0-472F-43B0-947D-64C5D1F2B4A4}.Debug|x86.ActiveCfg = Debug|x86
		{13571FB0-472F-43B0-947D-64C5D1F2B4A4}.Debug|x86.Build.0 = Debug|x86
		{13571FB0-472F-43B0-947D-64C5D1F2B4A4}.Release|Any CPU.ActiveCfg = Release|Any CPU
		{13571FB0-472F-43B0-947D-64C5D1F2B4A4}.Release|Any CPU.Build.0 = Release|Any CPU
		{13571FB0-472F-43B0-947D-64C5D1F2B4A4}.Release|x86.ActiveCfg = Release|x86
		{13571FB0-472F-43B0-947D-64C5D1F2B4A4}.Release|x86.Build.0 = Release|x86
		{AEB1AE61-CD26-4B78-B5C8-421F22097BAB}.Debug|Any CPU.ActiveCfg = Debug|Any CPU
		{AEB1AE61-CD26-4B78-B5C8-421F22097BAB}.Debug|Any CPU.Build.0 = Debug|Any CPU
		{AEB1AE61-CD26-4B78-B5C8-421F22097BAB}.Debug|x86.ActiveCfg = Debug|x86
		{AEB1AE61-CD26-4B78-B5C8-421F22097BAB}.Debug|x86.Build.0 = Debug|x86
		{AEB1AE61-CD26-4B78-B5C8-421F22097BAB}.Release|Any CPU.ActiveCfg = Release|Any CPU
		{AEB1AE61-CD26-4B78-B5C8-421F22097BAB}.Release|Any CPU.Build.0 = Release|Any CPU
		{AEB1AE61-CD26-4B78-B5C8-421F22097BAB}.Release|x86.ActiveCfg = Release|x86
		{AEB1AE61-CD26-4B78-B5C8-421F22097BAB}.Release|x86.Build.0 = Release|x86
		{D20D8ACB-AD07-4E7F-A99E-47F4113B32EA}.Debug|Any CPU.ActiveCfg = Debug|Any CPU
		{D20D8ACB-AD07-4E7F-A99E-47F4113B32EA}.Debug|Any CPU.Build.0 = Debug|Any CPU
		{D20D8ACB-AD07-4E7F-A99E-47F4113B32EA}.Debug|x86.ActiveCfg = Debug|x86
		{D20D8ACB-AD07-4E7F-A99E-47F4113B32EA}.Debug|x86.Build.0 = Debug|x86
		{D20D8ACB-AD07-4E7F-A99E-47F4113B32EA}.Release|Any CPU.ActiveCfg = Release|Any CPU
		{D20D8ACB-AD07-4E7F-A99E-47F4113B32EA}.Release|Any CPU.Build.0 = Release|Any CPU
		{D20D8ACB-AD07-4E7F-A99E-47F4113B32EA}.Release|x86.ActiveCfg = Release|x86
		{D20D8ACB-AD07-4E7F-A99E-47F4113B32EA}.Release|x86.Build.0 = Release|x86
		{922BC22A-B3CA-4C46-8656-CC9D15BE7EAF}.Debug|Any CPU.ActiveCfg = Debug|Any CPU
		{922BC22A-B3CA-4C46-8656-CC9D15BE7EAF}.Debug|Any CPU.Build.0 = Debug|Any CPU
		{922BC22A-B3CA-4C46-8656-CC9D15BE7EAF}.Debug|x86.ActiveCfg = Debug|x86
		{922BC22A-B3CA-4C46-8656-CC9D15BE7EAF}.Debug|x86.Build.0 = Debug|x86
		{922BC22A-B3CA-4C46-8656-CC9D15BE7EAF}.Release|Any CPU.ActiveCfg = Release|Any CPU
		{922BC22A-B3CA-4C46-8656-CC9D15BE7EAF}.Release|Any CPU.Build.0 = Release|Any CPU
		{922BC22A-B3CA-4C46-8656-CC9D15BE7EAF}.Release|x86.ActiveCfg = Release|x86
		{922BC22A-B3CA-4C46-8656-CC9D15BE7EAF}.Release|x86.Build.0 = Release|x86
		{4578EB12-06A3-42D5-8241-2663A521A23B}.Debug|Any CPU.ActiveCfg = Debug|Any CPU
		{4578EB12-06A3-42D5-8241-2663A521A23B}.Debug|Any CPU.Build.0 = Debug|Any CPU
		{4578EB12-06A3-42D5-8241-2663A521A23B}.Debug|x86.ActiveCfg = Debug|x86
		{4578EB12-06A3-42D5-8241-2663A521A23B}.Debug|x86.Build.0 = Debug|x86
		{4578EB12-06A3-42D5-8241-2663A521A23B}.Release|Any CPU.ActiveCfg = Release|Any CPU
		{4578EB12-06A3-42D5-8241-2663A521A23B}.Release|Any CPU.Build.0 = Release|Any CPU
		{4578EB12-06A3-42D5-8241-2663A521A23B}.Release|x86.ActiveCfg = Release|x86
		{4578EB12-06A3-42D5-8241-2663A521A23B}.Release|x86.Build.0 = Release|x86
		{DA2A9BAA-9682-4D21-8F78-25DBC3C7CF10}.Debug|Any CPU.ActiveCfg = Debug|Any CPU
		{DA2A9BAA-9682-4D21-8F78-25DBC3C7CF10}.Debug|Any CPU.Build.0 = Debug|Any CPU
		{DA2A9BAA-9682-4D21-8F78-25DBC3C7CF10}.Debug|x86.ActiveCfg = Debug|x86
		{DA2A9BAA-9682-4D21-8F78-25DBC3C7CF10}.Debug|x86.Build.0 = Debug|x86
		{DA2A9BAA-9682-4D21-8F78-25DBC3C7CF10}.Release|Any CPU.ActiveCfg = Release|Any CPU
		{DA2A9BAA-9682-4D21-8F78-25DBC3C7CF10}.Release|Any CPU.Build.0 = Release|Any CPU
		{DA2A9BAA-9682-4D21-8F78-25DBC3C7CF10}.Release|x86.ActiveCfg = Release|x86
		{DA2A9BAA-9682-4D21-8F78-25DBC3C7CF10}.Release|x86.Build.0 = Release|x86
		{5663DE85-CC5D-4C48-A011-09BF3C2B5CCB}.Debug|Any CPU.ActiveCfg = Debug|Any CPU
		{5663DE85-CC5D-4C48-A011-09BF3C2B5CCB}.Debug|Any CPU.Build.0 = Debug|Any CPU
		{5663DE85-CC5D-4C48-A011-09BF3C2B5CCB}.Debug|x86.ActiveCfg = Debug|x86
		{5663DE85-CC5D-4C48-A011-09BF3C2B5CCB}.Debug|x86.Build.0 = Debug|x86
		{5663DE85-CC5D-4C48-A011-09BF3C2B5CCB}.Release|Any CPU.ActiveCfg = Release|Any CPU
		{5663DE85-CC5D-4C48-A011-09BF3C2B5CCB}.Release|Any CPU.Build.0 = Release|Any CPU
		{5663DE85-CC5D-4C48-A011-09BF3C2B5CCB}.Release|x86.ActiveCfg = Release|x86
		{5663DE85-CC5D-4C48-A011-09BF3C2B5CCB}.Release|x86.Build.0 = Release|x86
		{DACD6C27-8D92-4945-A827-0CD8BD9E2944}.Debug|Any CPU.ActiveCfg = Debug|Any CPU
		{DACD6C27-8D92-4945-A827-0CD8BD9E2944}.Debug|Any CPU.Build.0 = Debug|Any CPU
		{DACD6C27-8D92-4945-A827-0CD8BD9E2944}.Debug|x86.ActiveCfg = Debug|x86
		{DACD6C27-8D92-4945-A827-0CD8BD9E2944}.Debug|x86.Build.0 = Debug|x86
		{DACD6C27-8D92-4945-A827-0CD8BD9E2944}.Release|Any CPU.ActiveCfg = Release|Any CPU
		{DACD6C27-8D92-4945-A827-0CD8BD9E2944}.Release|Any CPU.Build.0 = Release|Any CPU
		{DACD6C27-8D92-4945-A827-0CD8BD9E2944}.Release|x86.ActiveCfg = Release|x86
		{DACD6C27-8D92-4945-A827-0CD8BD9E2944}.Release|x86.Build.0 = Release|x86
		{F30851DD-B86B-4F52-8C14-35293B00337F}.Debug|Any CPU.ActiveCfg = Debug|Any CPU
		{F30851DD-B86B-4F52-8C14-35293B00337F}.Debug|Any CPU.Build.0 = Debug|Any CPU
		{F30851DD-B86B-4F52-8C14-35293B00337F}.Debug|x86.ActiveCfg = Debug|x86
		{F30851DD-B86B-4F52-8C14-35293B00337F}.Debug|x86.Build.0 = Debug|x86
		{F30851DD-B86B-4F52-8C14-35293B00337F}.Release|Any CPU.ActiveCfg = Release|Any CPU
		{F30851DD-B86B-4F52-8C14-35293B00337F}.Release|Any CPU.Build.0 = Release|Any CPU
		{F30851DD-B86B-4F52-8C14-35293B00337F}.Release|x86.ActiveCfg = Release|x86
		{F30851DD-B86B-4F52-8C14-35293B00337F}.Release|x86.Build.0 = Release|x86
		{11F52F06-739B-4A2D-9BE1-5035AD3EBB61}.Debug|Any CPU.ActiveCfg = Debug|Any CPU
		{11F52F06-739B-4A2D-9BE1-5035AD3EBB61}.Debug|Any CPU.Build.0 = Debug|Any CPU
		{11F52F06-739B-4A2D-9BE1-5035AD3EBB61}.Debug|x86.ActiveCfg = Debug|x86
		{11F52F06-739B-4A2D-9BE1-5035AD3EBB61}.Debug|x86.Build.0 = Debug|x86
		{11F52F06-739B-4A2D-9BE1-5035AD3EBB61}.Release|Any CPU.ActiveCfg = Release|Any CPU
		{11F52F06-739B-4A2D-9BE1-5035AD3EBB61}.Release|Any CPU.Build.0 = Release|Any CPU
		{11F52F06-739B-4A2D-9BE1-5035AD3EBB61}.Release|x86.ActiveCfg = Release|x86
		{11F52F06-739B-4A2D-9BE1-5035AD3EBB61}.Release|x86.Build.0 = Release|x86
		{C552CEDA-DE12-4A5A-9471-0576B04AC28E}.Debug|Any CPU.ActiveCfg = Debug|Any CPU
		{C552CEDA-DE12-4A5A-9471-0576B04AC28E}.Debug|Any CPU.Build.0 = Debug|Any CPU
		{C552CEDA-DE12-4A5A-9471-0576B04AC28E}.Debug|x86.ActiveCfg = Debug|Any CPU
		{C552CEDA-DE12-4A5A-9471-0576B04AC28E}.Debug|x86.Build.0 = Debug|Any CPU
		{C552CEDA-DE12-4A5A-9471-0576B04AC28E}.Release|Any CPU.ActiveCfg = Release|Any CPU
		{C552CEDA-DE12-4A5A-9471-0576B04AC28E}.Release|Any CPU.Build.0 = Release|Any CPU
		{C552CEDA-DE12-4A5A-9471-0576B04AC28E}.Release|x86.ActiveCfg = Release|Any CPU
		{C552CEDA-DE12-4A5A-9471-0576B04AC28E}.Release|x86.Build.0 = Release|Any CPU
	EndGlobalSection
	GlobalSection(SolutionProperties) = preSolution
		HideSolutionNode = FALSE
	EndGlobalSection
	GlobalSection(ExtensibilityGlobals) = postSolution
		SolutionGuid = {BBB7FE1A-0A02-4A54-A1EA-3CBDBBCE1E13}
	EndGlobalSection
EndGlobal
