
Microsoft Visual Studio Solution File, Format Version 12.00
# Visual Studio 15
VisualStudioVersion = 15.0.27130.2024
MinimumVisualStudioVersion = 10.0.40219.1
Project("{FAE04EC0-301F-11D3-BF4B-00C04F79EFBC}") = "tu_SET", "tu_set\tu_SET.csproj", "{A03FB3E3-AA47-462C-91A5-F889E9189743}"
EndProject
Project("{FAE04EC0-301F-11D3-BF4B-00C04F79EFBC}") = "SET4tmDriver", "SetDriver\SET4tmDriver.csproj", "{14FC09EC-8931-4B9B-89BB-42C7F0C6BCFD}"
EndProject
Project("{FAE04EC0-301F-11D3-BF4B-00C04F79EFBC}") = "LibPorts", "..\..\PollServer\PortsLib\LibPorts.csproj", "{13571FB0-472F-43B0-947D-64C5D1F2B4A4}"
EndProject
Project("{FAE04EC0-301F-11D3-BF4B-00C04F79EFBC}") = "LibMeter", "..\..\PollServer\LibMeter\LibMeter.csproj", "{F0106CA4-43DE-4017-956B-0842AD89F90E}"
EndProject
Project("{FAE04EC0-301F-11D3-BF4B-00C04F79EFBC}") = "LibCRC", "..\crc_сalc\LibCRC\LibCRC.csproj", "{AEB1AE61-CD26-4B78-B5C8-421F22097BAB}"
EndProject
Project("{FAE04EC0-301F-11D3-BF4B-00C04F79EFBC}") = "PulsarDriver", "..\tu_pulsarm\PulsarDriver\PulsarDriver.csproj", "{CD517CE4-70F4-43B8-B38C-11D09B0CCBF1}"
EndProject
Project("{FAE04EC0-301F-11D3-BF4B-00C04F79EFBC}") = "KaratDanfosDriver", "..\tu_karatdanfos\Mercury23XDriver\KaratDanfosDriver.csproj", "{9D781833-4219-4C11-89BB-6D0160131414}"
EndProject
Project("{FAE04EC0-301F-11D3-BF4B-00C04F79EFBC}") = "Mercury23XDriver", "..\tu_mercury23X\Mercury23XDriver\Mercury23XDriver.csproj", "{56AB5BE1-BC5F-4282-AE46-FDAFED2EFB01}"
EndProject
Global
	GlobalSection(SolutionConfigurationPlatforms) = preSolution
		Debug|Any CPU = Debug|Any CPU
		Release|Any CPU = Release|Any CPU
	EndGlobalSection
	GlobalSection(ProjectConfigurationPlatforms) = postSolution
		{A03FB3E3-AA47-462C-91A5-F889E9189743}.Debug|Any CPU.ActiveCfg = Debug|Any CPU
		{A03FB3E3-AA47-462C-91A5-F889E9189743}.Debug|Any CPU.Build.0 = Debug|Any CPU
		{A03FB3E3-AA47-462C-91A5-F889E9189743}.Release|Any CPU.ActiveCfg = Release|Any CPU
		{A03FB3E3-AA47-462C-91A5-F889E9189743}.Release|Any CPU.Build.0 = Release|Any CPU
		{14FC09EC-8931-4B9B-89BB-42C7F0C6BCFD}.Debug|Any CPU.ActiveCfg = Debug|Any CPU
		{14FC09EC-8931-4B9B-89BB-42C7F0C6BCFD}.Debug|Any CPU.Build.0 = Debug|Any CPU
		{14FC09EC-8931-4B9B-89BB-42C7F0C6BCFD}.Release|Any CPU.ActiveCfg = Release|Any CPU
		{14FC09EC-8931-4B9B-89BB-42C7F0C6BCFD}.Release|Any CPU.Build.0 = Release|Any CPU
		{13571FB0-472F-43B0-947D-64C5D1F2B4A4}.Debug|Any CPU.ActiveCfg = Debug|Any CPU
		{13571FB0-472F-43B0-947D-64C5D1F2B4A4}.Debug|Any CPU.Build.0 = Debug|Any CPU
		{13571FB0-472F-43B0-947D-64C5D1F2B4A4}.Release|Any CPU.ActiveCfg = Release|Any CPU
		{13571FB0-472F-43B0-947D-64C5D1F2B4A4}.Release|Any CPU.Build.0 = Release|Any CPU
		{F0106CA4-43DE-4017-956B-0842AD89F90E}.Debug|Any CPU.ActiveCfg = Debug|Any CPU
		{F0106CA4-43DE-4017-956B-0842AD89F90E}.Debug|Any CPU.Build.0 = Debug|Any CPU
		{F0106CA4-43DE-4017-956B-0842AD89F90E}.Release|Any CPU.ActiveCfg = Release|Any CPU
		{F0106CA4-43DE-4017-956B-0842AD89F90E}.Release|Any CPU.Build.0 = Release|Any CPU
		{AEB1AE61-CD26-4B78-B5C8-421F22097BAB}.Debug|Any CPU.ActiveCfg = Debug|Any CPU
		{AEB1AE61-CD26-4B78-B5C8-421F22097BAB}.Debug|Any CPU.Build.0 = Debug|Any CPU
		{AEB1AE61-CD26-4B78-B5C8-421F22097BAB}.Release|Any CPU.ActiveCfg = Release|Any CPU
		{AEB1AE61-CD26-4B78-B5C8-421F22097BAB}.Release|Any CPU.Build.0 = Release|Any CPU
		{CD517CE4-70F4-43B8-B38C-11D09B0CCBF1}.Debug|Any CPU.ActiveCfg = Debug|Any CPU
		{CD517CE4-70F4-43B8-B38C-11D09B0CCBF1}.Debug|Any CPU.Build.0 = Debug|Any CPU
		{CD517CE4-70F4-43B8-B38C-11D09B0CCBF1}.Release|Any CPU.ActiveCfg = Release|Any CPU
		{CD517CE4-70F4-43B8-B38C-11D09B0CCBF1}.Release|Any CPU.Build.0 = Release|Any CPU
		{9D781833-4219-4C11-89BB-6D0160131414}.Debug|Any CPU.ActiveCfg = Debug|Any CPU
		{9D781833-4219-4C11-89BB-6D0160131414}.Debug|Any CPU.Build.0 = Debug|Any CPU
		{9D781833-4219-4C11-89BB-6D0160131414}.Release|Any CPU.ActiveCfg = Release|Any CPU
		{9D781833-4219-4C11-89BB-6D0160131414}.Release|Any CPU.Build.0 = Release|Any CPU
		{56AB5BE1-BC5F-4282-AE46-FDAFED2EFB01}.Debug|Any CPU.ActiveCfg = Debug|Any CPU
		{56AB5BE1-BC5F-4282-AE46-FDAFED2EFB01}.Debug|Any CPU.Build.0 = Debug|Any CPU
		{56AB5BE1-BC5F-4282-AE46-FDAFED2EFB01}.Release|Any CPU.ActiveCfg = Release|Any CPU
		{56AB5BE1-BC5F-4282-AE46-FDAFED2EFB01}.Release|Any CPU.Build.0 = Release|Any CPU
	EndGlobalSection
	GlobalSection(SolutionProperties) = preSolution
		HideSolutionNode = FALSE
	EndGlobalSection
	GlobalSection(ExtensibilityGlobals) = postSolution
		SolutionGuid = {BBB7FE1A-0A02-4A54-A1EA-3CBDBBCE1E13}
	EndGlobalSection
EndGlobal
